
Microsoft Visual Studio Solution File, Format Version 12.00
# Visual Studio Version 17
VisualStudioVersion = 17.13.35931.197
MinimumVisualStudioVersion = 10.0.40219.1
Project("{FAE04EC0-301F-11D3-BF4B-00C04F79EFBC}") = "TournifyClock", "Tournify-Clock\TournifyClock.csproj", "{CC2802E4-30A2-4603-AF08-E486945523AC}"
EndProject
Project("{FAE04EC0-301F-11D3-BF4B-00C04F79EFBC}") = "gemelo.Common", "..\..\gemelo\Components\gemelo.Common\gemelo.Common\gemelo.Common.csproj", "{4FEE676A-04E9-37F9-FDE6-35FD77110657}"
EndProject
Project("{FAE04EC0-301F-11D3-BF4B-00C04F79EFBC}") = "gemelo.Common.Wpf", "..\..\gemelo\Components\gemelo.Common\gemelo.Common.Wpf\gemelo.Common.Wpf.csproj", "{2CB37417-9A91-AF06-3E59-F304D0243E24}"
EndProject
Project("{2150E333-8FDC-42A3-9474-1A3956D46DE8}") = "Libs", "Libs", "{02EA681E-C7D8-13C7-8484-4AC65E1B71E8}"
EndProject
Project("{2150E333-8FDC-42A3-9474-1A3956D46DE8}") = "Documentation", "Documentation", "{2CAD6CA8-2833-4A79-937A-D2573C78F43E}"
	ProjectSection(SolutionItems) = preProject
		README.md = README.md
	EndProjectSection
EndProject
Global
	GlobalSection(SolutionConfigurationPlatforms) = preSolution
		Debug|Any CPU = Debug|Any CPU
		Release|Any CPU = Release|Any CPU
	EndGlobalSection
	GlobalSection(ProjectConfigurationPlatforms) = postSolution
		{CC2802E4-30A2-4603-AF08-E486945523AC}.Debug|Any CPU.ActiveCfg = Debug|Any CPU
		{CC2802E4-30A2-4603-AF08-E486945523AC}.Debug|Any CPU.Build.0 = Debug|Any CPU
		{CC2802E4-30A2-4603-AF08-E486945523AC}.Release|Any CPU.ActiveCfg = Release|Any CPU
		{CC2802E4-30A2-4603-AF08-E486945523AC}.Release|Any CPU.Build.0 = Release|Any CPU
		{4FEE676A-04E9-37F9-FDE6-35FD77110657}.Debug|Any CPU.ActiveCfg = Debug|Any CPU
		{4FEE676A-04E9-37F9-FDE6-35FD77110657}.Debug|Any CPU.Build.0 = Debug|Any CPU
		{4FEE676A-04E9-37F9-FDE6-35FD77110657}.Release|Any CPU.ActiveCfg = Release|Any CPU
		{4FEE676A-04E9-37F9-FDE6-35FD77110657}.Release|Any CPU.Build.0 = Release|Any CPU
		{2CB37417-9A91-AF06-3E59-F304D0243E24}.Debug|Any CPU.ActiveCfg = Debug|Any CPU
		{2CB37417-9A91-AF06-3E59-F304D0243E24}.Debug|Any CPU.Build.0 = Debug|Any CPU
		{2CB37417-9A91-AF06-3E59-F304D0243E24}.Release|Any CPU.ActiveCfg = Release|Any CPU
		{2CB37417-9A91-AF06-3E59-F304D0243E24}.Release|Any CPU.Build.0 = Release|Any CPU
	EndGlobalSection
	GlobalSection(SolutionProperties) = preSolution
		HideSolutionNode = FALSE
	EndGlobalSection
	GlobalSection(NestedProjects) = preSolution
		{4FEE676A-04E9-37F9-FDE6-35FD77110657} = {02EA681E-C7D8-13C7-8484-4AC65E1B71E8}
		{2CB37417-9A91-AF06-3E59-F304D0243E24} = {02EA681E-C7D8-13C7-8484-4AC65E1B71E8}
	EndGlobalSection
	GlobalSection(ExtensibilityGlobals) = postSolution
		SolutionGuid = {6C674E20-C1D7-463F-AEB5-B7A7B8452749}
	EndGlobalSection
EndGlobal
